// !$*UTF8*$!
{
	archiveVersion = 1;
	classes = {
	};
	objectVersion = 50;
	objects = {

/* Begin PBXBuildFile section */
		CF69C7D02321EB03008366BD /* AppDelegate.swift in Sources */ = {isa = PBXBuildFile; fileRef = CF69C7CF2321EB03008366BD /* AppDelegate.swift */; };
		CF69C7D22321EB03008366BD /* ViewController.swift in Sources */ = {isa = PBXBuildFile; fileRef = CF69C7D12321EB03008366BD /* ViewController.swift */; };
		CF69C7D52321EB03008366BD /* Main.storyboard in Resources */ = {isa = PBXBuildFile; fileRef = CF69C7D32321EB03008366BD /* Main.storyboard */; };
		CF69C7D72321EB04008366BD /* Assets.xcassets in Resources */ = {isa = PBXBuildFile; fileRef = CF69C7D62321EB04008366BD /* Assets.xcassets */; };
		CF69C7DA2321EB04008366BD /* LaunchScreen.storyboard in Resources */ = {isa = PBXBuildFile; fileRef = CF69C7D82321EB04008366BD /* LaunchScreen.storyboard */; };
		CF69C7E62321EC5B008366BD /* ChallengeInstructions.pdf in Resources */ = {isa = PBXBuildFile; fileRef = CF69C7E52321EC5B008366BD /* ChallengeInstructions.pdf */; };
/* End PBXBuildFile section */

/* Begin PBXFileReference section */
		CF69C7CC2321EB03008366BD /* TCSComcastCodingChallenge.app */ = {isa = PBXFileReference; explicitFileType = wrapper.application; includeInIndex = 0; path = TCSComcastCodingChallenge.app; sourceTree = BUILT_PRODUCTS_DIR; };
		CF69C7CF2321EB03008366BD /* AppDelegate.swift */ = {isa = PBXFileReference; lastKnownFileType = sourcecode.swift; path = AppDelegate.swift; sourceTree = "<group>"; };
		CF69C7D12321EB03008366BD /* ViewController.swift */ = {isa = PBXFileReference; lastKnownFileType = sourcecode.swift; path = ViewController.swift; sourceTree = "<group>"; };
		CF69C7D42321EB03008366BD /* Base */ = {isa = PBXFileReference; lastKnownFileType = file.storyboard; name = Base; path = Base.lproj/Main.storyboard; sourceTree = "<group>"; };
		CF69C7D62321EB04008366BD /* Assets.xcassets */ = {isa = PBXFileReference; lastKnownFileType = folder.assetcatalog; path = Assets.xcassets; sourceTree = "<group>"; };
		CF69C7D92321EB04008366BD /* Base */ = {isa = PBXFileReference; lastKnownFileType = file.storyboard; name = Base; path = Base.lproj/LaunchScreen.storyboard; sourceTree = "<group>"; };
		CF69C7DB2321EB04008366BD /* Info.plist */ = {isa = PBXFileReference; lastKnownFileType = text.plist.xml; path = Info.plist; sourceTree = "<group>"; };
		CF69C7E52321EC5B008366BD /* ChallengeInstructions.pdf */ = {isa = PBXFileReference; lastKnownFileType = image.pdf; path = ChallengeInstructions.pdf; sourceTree = "<group>"; };
/* End PBXFileReference section */

/* Begin PBXFrameworksBuildPhase section */
		CF69C7C92321EB03008366BD /* Frameworks */ = {
			isa = PBXFrameworksBuildPhase;
			buildActionMask = 2147483647;
			files = (
			);
			runOnlyForDeploymentPostprocessing = 0;
		};
/* End PBXFrameworksBuildPhase section */

/* Begin PBXGroup section */
		CF69C7C32321EB03008366BD = {
			isa = PBXGroup;
			children = (
				CF69C7E52321EC5B008366BD /* ChallengeInstructions.pdf */,
				CF69C7CE2321EB03008366BD /* TCSComcastCodingChallenge */,
				CF69C7CD2321EB03008366BD /* Products */,
			);
			sourceTree = "<group>";
		};
		CF69C7CD2321EB03008366BD /* Products */ = {
			isa = PBXGroup;
			children = (
				CF69C7CC2321EB03008366BD /* TCSComcastCodingChallenge.app */,
			);
			name = Products;
			sourceTree = "<group>";
		};
		CF69C7CE2321EB03008366BD /* TCSComcastCodingChallenge */ = {
			isa = PBXGroup;
			children = (
				CF69C7E12321EBEF008366BD /* Core */,
				CF69C7E32321EC13008366BD /* Assets */,
				CF69C7E22321EC00008366BD /* Storyboards & Xibs */,
				CF69C7E42321EC22008366BD /* View Controllers */,
			);
			path = TCSComcastCodingChallenge;
			sourceTree = "<group>";
		};
		CF69C7E12321EBEF008366BD /* Core */ = {
			isa = PBXGroup;
			children = (
				CF69C7CF2321EB03008366BD /* AppDelegate.swift */,
				CF69C7DB2321EB04008366BD /* Info.plist */,
			);
			path = Core;
			sourceTree = "<group>";
		};
		CF69C7E22321EC00008366BD /* Storyboards & Xibs */ = {
			isa = PBXGroup;
			children = (
				CF69C7D32321EB03008366BD /* Main.storyboard */,
				CF69C7D82321EB04008366BD /* LaunchScreen.storyboard */,
			);
			path = "Storyboards & Xibs";
			sourceTree = "<group>";
		};
		CF69C7E32321EC13008366BD /* Assets */ = {
			isa = PBXGroup;
			children = (
				CF69C7D62321EB04008366BD /* Assets.xcassets */,
			);
			path = Assets;
			sourceTree = "<group>";
		};
		CF69C7E42321EC22008366BD /* View Controllers */ = {
			isa = PBXGroup;
			children = (
				CF69C7D12321EB03008366BD /* ViewController.swift */,
			);
			path = "View Controllers";
			sourceTree = "<group>";
		};
/* End PBXGroup section */

/* Begin PBXNativeTarget section */
		CF69C7CB2321EB03008366BD /* TCSComcastCodingChallenge */ = {
			isa = PBXNativeTarget;
			buildConfigurationList = CF69C7DE2321EB04008366BD /* Build configuration list for PBXNativeTarget "TCSComcastCodingChallenge" */;
			buildPhases = (
				CF69C7C82321EB03008366BD /* Sources */,
				CF69C7C92321EB03008366BD /* Frameworks */,
				CF69C7CA2321EB03008366BD /* Resources */,
			);
			buildRules = (
			);
			dependencies = (
			);
			name = TCSComcastCodingChallenge;
			productName = TCSComcastCodingChallenge;
			productReference = CF69C7CC2321EB03008366BD /* TCSComcastCodingChallenge.app */;
			productType = "com.apple.product-type.application";
		};
/* End PBXNativeTarget section */

/* Begin PBXProject section */
		CF69C7C42321EB03008366BD /* Project object */ = {
			isa = PBXProject;
			attributes = {
				LastSwiftUpdateCheck = 1030;
				LastUpgradeCheck = 1030;
				ORGANIZATIONNAME = "Afnan Mirza";
				TargetAttributes = {
					CF69C7CB2321EB03008366BD = {
						CreatedOnToolsVersion = 10.3;
					};
				};
			};
			buildConfigurationList = CF69C7C72321EB03008366BD /* Build configuration list for PBXProject "TCSComcastCodingChallenge" */;
			compatibilityVersion = "Xcode 9.3";
			developmentRegion = en;
			hasScannedForEncodings = 0;
			knownRegions = (
				en,
				Base,
			);
			mainGroup = CF69C7C32321EB03008366BD;
			productRefGroup = CF69C7CD2321EB03008366BD /* Products */;
			projectDirPath = "";
			projectRoot = "";
			targets = (
				CF69C7CB2321EB03008366BD /* TCSComcastCodingChallenge */,
			);
		};
/* End PBXProject section */

/* Begin PBXResourcesBuildPhase section */
		CF69C7CA2321EB03008366BD /* Resources */ = {
			isa = PBXResourcesBuildPhase;
			buildActionMask = 2147483647;
			files = (
				CF69C7DA2321EB04008366BD /* LaunchScreen.storyboard in Resources */,
				CF69C7D72321EB04008366BD /* Assets.xcassets in Resources */,
				CF69C7E62321EC5B008366BD /* ChallengeInstructions.pdf in Resources */,
				CF69C7D52321EB03008366BD /* Main.storyboard in Resources */,
			);
			runOnlyForDeploymentPostprocessing = 0;
		};
/* End PBXResourcesBuildPhase section */

/* Begin PBXSourcesBuildPhase section */
		CF69C7C82321EB03008366BD /* Sources */ = {
			isa = PBXSourcesBuildPhase;
			buildActionMask = 2147483647;
			files = (
				CF69C7D22321EB03008366BD /* ViewController.swift in Sources */,
				CF69C7D02321EB03008366BD /* AppDelegate.swift in Sources */,
			);
			runOnlyForDeploymentPostprocessing = 0;
		};
/* End PBXSourcesBuildPhase section */

/* Begin PBXVariantGroup section */
		CF69C7D32321EB03008366BD /* Main.storyboard */ = {
			isa = PBXVariantGroup;
			children = (
				CF69C7D42321EB03008366BD /* Base */,
			);
			name = Main.storyboard;
			sourceTree = "<group>";
		};
		CF69C7D82321EB04008366BD /* LaunchScreen.storyboard */ = {
			isa = PBXVariantGroup;
			children = (
				CF69C7D92321EB04008366BD /* Base */,
			);
			name = LaunchScreen.storyboard;
			sourceTree = "<group>";
		};
/* End PBXVariantGroup section */

/* Begin XCBuildConfiguration section */
		CF69C7DC2321EB04008366BD /* Debug */ = {
			isa = XCBuildConfiguration;
			buildSettings = {
				ALWAYS_SEARCH_USER_PATHS = NO;
				CLANG_ANALYZER_NONNULL = YES;
				CLANG_ANALYZER_NUMBER_OBJECT_CONVERSION = YES_AGGRESSIVE;
				CLANG_CXX_LANGUAGE_STANDARD = "gnu++14";
				CLANG_CXX_LIBRARY = "libc++";
				CLANG_ENABLE_MODULES = YES;
				CLANG_ENABLE_OBJC_ARC = YES;
				CLANG_ENABLE_OBJC_WEAK = YES;
				CLANG_WARN_BLOCK_CAPTURE_AUTORELEASING = YES;
				CLANG_WARN_BOOL_CONVERSION = YES;
				CLANG_WARN_COMMA = YES;
				CLANG_WARN_CONSTANT_CONVERSION = YES;
				CLANG_WARN_DEPRECATED_OBJC_IMPLEMENTATIONS = YES;
				CLANG_WARN_DIRECT_OBJC_ISA_USAGE = YES_ERROR;
				CLANG_WARN_DOCUMENTATION_COMMENTS = YES;
				CLANG_WARN_EMPTY_BODY = YES;
				CLANG_WARN_ENUM_CONVERSION = YES;
				CLANG_WARN_INFINITE_RECURSION = YES;
				CLANG_WARN_INT_CONVERSION = YES;
				CLANG_WARN_NON_LITERAL_NULL_CONVERSION = YES;
				CLANG_WARN_OBJC_IMPLICIT_RETAIN_SELF = YES;
				CLANG_WARN_OBJC_LITERAL_CONVERSION = YES;
				CLANG_WARN_OBJC_ROOT_CLASS = YES_ERROR;
				CLANG_WARN_RANGE_LOOP_ANALYSIS = YES;
				CLANG_WARN_STRICT_PROTOTYPES = YES;
				CLANG_WARN_SUSPICIOUS_MOVE = YES;
				CLANG_WARN_UNGUARDED_AVAILABILITY = YES_AGGRESSIVE;
				CLANG_WARN_UNREACHABLE_CODE = YES;
				CLANG_WARN__DUPLICATE_METHOD_MATCH = YES;
				CODE_SIGN_IDENTITY = "iPhone Developer";
				COPY_PHASE_STRIP = NO;
				DEBUG_INFORMATION_FORMAT = dwarf;
				ENABLE_STRICT_OBJC_MSGSEND = YES;
				ENABLE_TESTABILITY = YES;
				GCC_C_LANGUAGE_STANDARD = gnu11;
				GCC_DYNAMIC_NO_PIC = NO;
				GCC_NO_COMMON_BLOCKS = YES;
				GCC_OPTIMIZATION_LEVEL = 0;
				GCC_PREPROCESSOR_DEFINITIONS = (
					"DEBUG=1",
					"$(inherited)",
				);
				GCC_WARN_64_TO_32_BIT_CONVERSION = YES;
				GCC_WARN_ABOUT_RETURN_TYPE = YES_ERROR;
				GCC_WARN_UNDECLARED_SELECTOR = YES;
				GCC_WARN_UNINITIALIZED_AUTOS = YES_AGGRESSIVE;
				GCC_WARN_UNUSED_FUNCTION = YES;
				GCC_WARN_UNUSED_VARIABLE = YES;
				IPHONEOS_DEPLOYMENT_TARGET = 12.4;
				MTL_ENABLE_DEBUG_INFO = INCLUDE_SOURCE;
				MTL_FAST_MATH = YES;
				ONLY_ACTIVE_ARCH = YES;
				SDKROOT = iphoneos;
				SWIFT_ACTIVE_COMPILATION_CONDITIONS = DEBUG;
				SWIFT_OPTIMIZATION_LEVEL = "-Onone";
			};
			name = Debug;
		};
		CF69C7DD2321EB04008366BD /* Release */ = {
			isa = XCBuildConfiguration;
			buildSettings = {
				ALWAYS_SEARCH_USER_PATHS = NO;
				CLANG_ANALYZER_NONNULL = YES;
				CLANG_ANALYZER_NUMBER_OBJECT_CONVERSION = YES_AGGRESSIVE;
				CLANG_CXX_LANGUAGE_STANDARD = "gnu++14";
				CLANG_CXX_LIBRARY = "libc++";
				CLANG_ENABLE_MODULES = YES;
				CLANG_ENABLE_OBJC_ARC = YES;
				CLANG_ENABLE_OBJC_WEAK = YES;
				CLANG_WARN_BLOCK_CAPTURE_AUTORELEASING = YES;
				CLANG_WARN_BOOL_CONVERSION = YES;
				CLANG_WARN_COMMA = YES;
				CLANG_WARN_CONSTANT_CONVERSION = YES;
				CLANG_WARN_DEPRECATED_OBJC_IMPLEMENTATIONS = YES;
				CLANG_WARN_DIRECT_OBJC_ISA_USAGE = YES_ERROR;
				CLANG_WARN_DOCUMENTATION_COMMENTS = YES;
				CLANG_WARN_EMPTY_BODY = YES;
				CLANG_WARN_ENUM_CONVERSION = YES;
				CLANG_WARN_INFINITE_RECURSION = YES;
				CLANG_WARN_INT_CONVERSION = YES;
				CLANG_WARN_NON_LITERAL_NULL_CONVERSION = YES;
				CLANG_WARN_OBJC_IMPLICIT_RETAIN_SELF = YES;
				CLANG_WARN_OBJC_LITERAL_CONVERSION = YES;
				CLANG_WARN_OBJC_ROOT_CLASS = YES_ERROR;
				CLANG_WARN_RANGE_LOOP_ANALYSIS = YES;
				CLANG_WARN_STRICT_PROTOTYPES = YES;
				CLANG_WARN_SUSPICIOUS_MOVE = YES;
				CLANG_WARN_UNGUARDED_AVAILABILITY = YES_AGGRESSIVE;
				CLANG_WARN_UNREACHABLE_CODE = YES;
				CLANG_WARN__DUPLICATE_METHOD_MATCH = YES;
				CODE_SIGN_IDENTITY = "iPhone Developer";
				COPY_PHASE_STRIP = NO;
				DEBUG_INFORMATION_FORMAT = "dwarf-with-dsym";
				ENABLE_NS_ASSERTIONS = NO;
				ENABLE_STRICT_OBJC_MSGSEND = YES;
				GCC_C_LANGUAGE_STANDARD = gnu11;
				GCC_NO_COMMON_BLOCKS = YES;
				GCC_WARN_64_TO_32_BIT_CONVERSION = YES;
				GCC_WARN_ABOUT_RETURN_TYPE = YES_ERROR;
				GCC_WARN_UNDECLARED_SELECTOR = YES;
				GCC_WARN_UNINITIALIZED_AUTOS = YES_AGGRESSIVE;
				GCC_WARN_UNUSED_FUNCTION = YES;
				GCC_WARN_UNUSED_VARIABLE = YES;
				IPHONEOS_DEPLOYMENT_TARGET = 12.4;
				MTL_ENABLE_DEBUG_INFO = NO;
				MTL_FAST_MATH = YES;
				SDKROOT = iphoneos;
				SWIFT_COMPILATION_MODE = wholemodule;
				SWIFT_OPTIMIZATION_LEVEL = "-O";
				VALIDATE_PRODUCT = YES;
			};
			name = Release;
		};
		CF69C7DF2321EB04008366BD /* Debug */ = {
			isa = XCBuildConfiguration;
			buildSettings = {
				ASSETCATALOG_COMPILER_APPICON_NAME = AppIcon;
				CODE_SIGN_STYLE = Automatic;
				INFOPLIST_FILE = "$(SRCROOT)/TCSComcastCodingChallenge/Core/Info.plist";
				LD_RUNPATH_SEARCH_PATHS = (
					"$(inherited)",
					"@executable_path/Frameworks",
				);
				PRODUCT_BUNDLE_IDENTIFIER = com.afnanmirza.TCSComcastCodingChallenge;
				PRODUCT_NAME = "$(TARGET_NAME)";
				SWIFT_VERSION = 5.0;
				TARGETED_DEVICE_FAMILY = "1,2";
			};
			name = Debug;
		};
		CF69C7E02321EB04008366BD /* Release */ = {
			isa = XCBuildConfiguration;
			buildSettings = {
				ASSETCATALOG_COMPILER_APPICON_NAME = AppIcon;
				CODE_SIGN_STYLE = Automatic;
				INFOPLIST_FILE = "$(SRCROOT)/TCSComcastCodingChallenge/Core/Info.plist";
				LD_RUNPATH_SEARCH_PATHS = (
					"$(inherited)",
					"@executable_path/Frameworks",
				);
				PRODUCT_BUNDLE_IDENTIFIER = com.afnanmirza.TCSComcastCodingChallenge;
				PRODUCT_NAME = "$(TARGET_NAME)";
				SWIFT_VERSION = 5.0;
				TARGETED_DEVICE_FAMILY = "1,2";
			};
			name = Release;
		};
/* End XCBuildConfiguration section */

/* Begin XCConfigurationList section */
		CF69C7C72321EB03008366BD /* Build configuration list for PBXProject "TCSComcastCodingChallenge" */ = {
			isa = XCConfigurationList;
			buildConfigurations = (
				CF69C7DC2321EB04008366BD /* Debug */,
				CF69C7DD2321EB04008366BD /* Release */,
			);
			defaultConfigurationIsVisible = 0;
			defaultConfigurationName = Release;
		};
		CF69C7DE2321EB04008366BD /* Build configuration list for PBXNativeTarget "TCSComcastCodingChallenge" */ = {
			isa = XCConfigurationList;
			buildConfigurations = (
				CF69C7DF2321EB04008366BD /* Debug */,
				CF69C7E02321EB04008366BD /* Release */,
			);
			defaultConfigurationIsVisible = 0;
			defaultConfigurationName = Release;
		};
/* End XCConfigurationList section */
	};
	rootObject = CF69C7C42321EB03008366BD /* Project object */;
}
